PODS:
  - LYSegmentViewController (1.0.0):
    - Masonry
  - Masonry (1.1.0)
  - MJRefresh (3.1.15.3)

DEPENDENCIES:
  - LYSegmentViewController (from `../`)
  - MJRefresh

SPEC REPOS:
  https://github.com/cocoapods/specs.git:
    - Masonry
    - MJRefresh

EXTERNAL SOURCES:
  LYSegmentViewController:
    :path: "../"

SPEC CHECKSUMS:
  LYSegmentViewController: 0768d5ccaee8f1d7ff271f825c57df42c37fa993
  Masonry: 678fab65091a9290e40e2832a55e7ab731aad201
  MJRefresh: b48380ae2b927b46c4ef000de9adb8dc748e1df7

PODFILE CHECKSUM: 87e9db1a85a4707bd2216cff0974b0229dccc239

COCOAPODS: 1.5.3
